// !$*UTF8*$!
{
	archiveVersion = 1;
	classes = {
	};
	objectVersion = 56;
	objects = {

/* Begin PBXBuildFile section */
		843F0FB62B349682009FCF9A /* AppDelegate.swift in Sources */ = {isa = PBXBuildFile; fileRef = 843F0FB52B349682009FCF9A /* AppDelegate.swift */; };
		843F0FB82B349682009FCF9A /* SceneDelegate.swift in Sources */ = {isa = PBXBuildFile; fileRef = 843F0FB72B349682009FCF9A /* SceneDelegate.swift */; };
		843F0FBA2B349682009FCF9A /* ViewController.swift in Sources */ = {isa = PBXBuildFile; fileRef = 843F0FB92B349682009FCF9A /* ViewController.swift */; };
		843F0FBF2B349684009FCF9A /* Assets.xcassets in Resources */ = {isa = PBXBuildFile; fileRef = 843F0FBE2B349684009FCF9A /* Assets.xcassets */; };
		843F0FC22B349684009FCF9A /* LaunchScreen.storyboard in Resources */ = {isa = PBXBuildFile; fileRef = 843F0FC02B349684009FCF9A /* LaunchScreen.storyboard */; };
		843F0FCD2B3497B6009FCF9A /* SecondVC.swift in Sources */ = {isa = PBXBuildFile; fileRef = 843F0FCC2B3497B6009FCF9A /* SecondVC.swift */; };
		843F0FD02B3497FB009FCF9A /* SnapKit in Frameworks */ = {isa = PBXBuildFile; productRef = 843F0FCF2B3497FB009FCF9A /* SnapKit */; };
		843F0FD32B349BE4009FCF9A /* MakerView.swift in Sources */ = {isa = PBXBuildFile; fileRef = 843F0FD22B349BE4009FCF9A /* MakerView.swift */; };
		843F0FD52B349E35009FCF9A /* UIColor.swift in Sources */ = {isa = PBXBuildFile; fileRef = 843F0FD42B349E35009FCF9A /* UIColor.swift */; };
		843F0FD82B34A461009FCF9A /* Contact.swift in Sources */ = {isa = PBXBuildFile; fileRef = 843F0FD72B34A461009FCF9A /* Contact.swift */; };
/* End PBXBuildFile section */

/* Begin PBXFileReference section */
		843F0FB22B349682009FCF9A /* hw3.app */ = {isa = PBXFileReference; explicitFileType = wrapper.application; includeInIndex = 0; path = hw3.app; sourceTree = BUILT_PRODUCTS_DIR; };
		843F0FB52B349682009FCF9A /* AppDelegate.swift */ = {isa = PBXFileReference; lastKnownFileType = sourcecode.swift; path = AppDelegate.swift; sourceTree = "<group>"; };
		843F0FB72B349682009FCF9A /* SceneDelegate.swift */ = {isa = PBXFileReference; lastKnownFileType = sourcecode.swift; path = SceneDelegate.swift; sourceTree = "<group>"; };
		843F0FB92B349682009FCF9A /* ViewController.swift */ = {isa = PBXFileReference; lastKnownFileType = sourcecode.swift; path = ViewController.swift; sourceTree = "<group>"; };
		843F0FBE2B349684009FCF9A /* Assets.xcassets */ = {isa = PBXFileReference; lastKnownFileType = folder.assetcatalog; path = Assets.xcassets; sourceTree = "<group>"; };
		843F0FC12B349684009FCF9A /* Base */ = {isa = PBXFileReference; lastKnownFileType = file.storyboard; name = Base; path = Base.lproj/LaunchScreen.storyboard; sourceTree = "<group>"; };
		843F0FC32B349684009FCF9A /* Info.plist */ = {isa = PBXFileReference; lastKnownFileType = text.plist.xml; path = Info.plist; sourceTree = "<group>"; };
		843F0FCC2B3497B6009FCF9A /* SecondVC.swift */ = {isa = PBXFileReference; lastKnownFileType = sourcecode.swift; path = SecondVC.swift; sourceTree = "<group>"; };
		843F0FD22B349BE4009FCF9A /* MakerView.swift */ = {isa = PBXFileReference; lastKnownFileType = sourcecode.swift; path = MakerView.swift; sourceTree = "<group>"; };
		843F0FD42B349E35009FCF9A /* UIColor.swift */ = {isa = PBXFileReference; lastKnownFileType = sourcecode.swift; path = UIColor.swift; sourceTree = "<group>"; };
		843F0FD72B34A461009FCF9A /* Contact.swift */ = {isa = PBXFileReference; lastKnownFileType = sourcecode.swift; path = Contact.swift; sourceTree = "<group>"; };
/* End PBXFileReference section */

/* Begin PBXFrameworksBuildPhase section */
		843F0FAF2B349682009FCF9A /* Frameworks */ = {
			isa = PBXFrameworksBuildPhase;
			buildActionMask = 2147483647;
			files = (
				843F0FD02B3497FB009FCF9A /* SnapKit in Frameworks */,
			);
			runOnlyForDeploymentPostprocessing = 0;
		};
/* End PBXFrameworksBuildPhase section */

/* Begin PBXGroup section */
		843F0FA92B349682009FCF9A = {
			isa = PBXGroup;
			children = (
				843F0FB42B349682009FCF9A /* hw3 */,
				843F0FB32B349682009FCF9A /* Products */,
			);
			sourceTree = "<group>";
		};
		843F0FB32B349682009FCF9A /* Products */ = {
			isa = PBXGroup;
			children = (
				843F0FB22B349682009FCF9A /* hw3.app */,
			);
			name = Products;
			sourceTree = "<group>";
		};
		843F0FB42B349682009FCF9A /* hw3 */ = {
			isa = PBXGroup;
			children = (
				843F0FD62B34A456009FCF9A /* Models */,
				843F0FD12B349BD9009FCF9A /* Helper */,
				843F0FCB2B349796009FCF9A /* Resource */,
				843F0FCA2B349789009FCF9A /* Controller */,
				843F0FC92B34977E009FCF9A /* Delegate */,
				843F0FC32B349684009FCF9A /* Info.plist */,
			);
			path = hw3;
			sourceTree = "<group>";
		};
		843F0FC92B34977E009FCF9A /* Delegate */ = {
			isa = PBXGroup;
			children = (
				843F0FB72B349682009FCF9A /* SceneDelegate.swift */,
				843F0FB52B349682009FCF9A /* AppDelegate.swift */,
			);
			path = Delegate;
			sourceTree = "<group>";
		};
		843F0FCA2B349789009FCF9A /* Controller */ = {
			isa = PBXGroup;
			children = (
				843F0FB92B349682009FCF9A /* ViewController.swift */,
				843F0FCC2B3497B6009FCF9A /* SecondVC.swift */,
			);
			path = Controller;
			sourceTree = "<group>";
		};
		843F0FCB2B349796009FCF9A /* Resource */ = {
			isa = PBXGroup;
			children = (
				843F0FC02B349684009FCF9A /* LaunchScreen.storyboard */,
				843F0FBE2B349684009FCF9A /* Assets.xcassets */,
			);
			path = Resource;
			sourceTree = "<group>";
		};
		843F0FD12B349BD9009FCF9A /* Helper */ = {
			isa = PBXGroup;
			children = (
				843F0FD22B349BE4009FCF9A /* MakerView.swift */,
				843F0FD42B349E35009FCF9A /* UIColor.swift */,
			);
			path = Helper;
			sourceTree = "<group>";
		};
		843F0FD62B34A456009FCF9A /* Models */ = {
			isa = PBXGroup;
			children = (
				843F0FD72B34A461009FCF9A /* Contact.swift */,
			);
			path = Models;
			sourceTree = "<group>";
		};
/* End PBXGroup section */

/* Begin PBXNativeTarget section */
		843F0FB12B349682009FCF9A /* hw3 */ = {
			isa = PBXNativeTarget;
			buildConfigurationList = 843F0FC62B349684009FCF9A /* Build configuration list for PBXNativeTarget "hw3" */;
			buildPhases = (
				843F0FAE2B349682009FCF9A /* Sources */,
				843F0FAF2B349682009FCF9A /* Frameworks */,
				843F0FB02B349682009FCF9A /* Resources */,
			);
			buildRules = (
			);
			dependencies = (
			);
			name = hw3;
			packageProductDependencies = (
				843F0FCF2B3497FB009FCF9A /* SnapKit */,
			);
			productName = hw3;
			productReference = 843F0FB22B349682009FCF9A /* hw3.app */;
			productType = "com.apple.product-type.application";
		};
/* End PBXNativeTarget section */

/* Begin PBXProject section */
		843F0FAA2B349682009FCF9A /* Project object */ = {
			isa = PBXProject;
			attributes = {
				BuildIndependentTargetsInParallel = 1;
				LastSwiftUpdateCheck = 1430;
				LastUpgradeCheck = 1430;
				TargetAttributes = {
					843F0FB12B349682009FCF9A = {
						CreatedOnToolsVersion = 14.3.1;
					};
				};
			};
			buildConfigurationList = 843F0FAD2B349682009FCF9A /* Build configuration list for PBXProject "hw3" */;
			compatibilityVersion = "Xcode 14.0";
			developmentRegion = en;
			hasScannedForEncodings = 0;
			knownRegions = (
				en,
				Base,
			);
			mainGroup = 843F0FA92B349682009FCF9A;
			packageReferences = (
				843F0FCE2B3497FB009FCF9A /* XCRemoteSwiftPackageReference "SnapKit" */,
			);
			productRefGroup = 843F0FB32B349682009FCF9A /* Products */;
			projectDirPath = "";
			projectRoot = "";
			targets = (
				843F0FB12B349682009FCF9A /* hw3 */,
			);
		};
/* End PBXProject section */

/* Begin PBXResourcesBuildPhase section */
		843F0FB02B349682009FCF9A /* Resources */ = {
			isa = PBXResourcesBuildPhase;
			buildActionMask = 2147483647;
			files = (
				843F0FC22B349684009FCF9A /* LaunchScreen.storyboard in Resources */,
				843F0FBF2B349684009FCF9A /* Assets.xcassets in Resources */,
			);
			runOnlyForDeploymentPostprocessing = 0;
		};
/* End PBXResourcesBuildPhase section */

/* Begin PBXSourcesBuildPhase section */
		843F0FAE2B349682009FCF9A /* Sources */ = {
			isa = PBXSourcesBuildPhase;
			buildActionMask = 2147483647;
			files = (
				843F0FD32B349BE4009FCF9A /* MakerView.swift in Sources */,
				843F0FD52B349E35009FCF9A /* UIColor.swift in Sources */,
				843F0FBA2B349682009FCF9A /* ViewController.swift in Sources */,
				843F0FB62B349682009FCF9A /* AppDelegate.swift in Sources */,
				843F0FCD2B3497B6009FCF9A /* SecondVC.swift in Sources */,
				843F0FB82B349682009FCF9A /* SceneDelegate.swift in Sources */,
				843F0FD82B34A461009FCF9A /* Contact.swift in Sources */,
			);
			runOnlyForDeploymentPostprocessing = 0;
		};
/* End PBXSourcesBuildPhase section */

/* Begin PBXVariantGroup section */
		843F0FC02B349684009FCF9A /* LaunchScreen.storyboard */ = {
			isa = PBXVariantGroup;
			children = (
				843F0FC12B349684009FCF9A /* Base */,
			);
			name = LaunchScreen.storyboard;
			sourceTree = "<group>";
		};
/* End PBXVariantGroup section */

/* Begin XCBuildConfiguration section */
		843F0FC42B349684009FCF9A /* Debug */ = {
			isa = XCBuildConfiguration;
			buildSettings = {
				ALWAYS_SEARCH_USER_PATHS = NO;
				CLANG_ANALYZER_NONNULL = YES;
				CLANG_ANALYZER_NUMBER_OBJECT_CONVERSION = YES_AGGRESSIVE;
				CLANG_CXX_LANGUAGE_STANDARD = "gnu++20";
				CLANG_ENABLE_MODULES = YES;
				CLANG_ENABLE_OBJC_ARC = YES;
				CLANG_ENABLE_OBJC_WEAK = YES;
				CLANG_WARN_BLOCK_CAPTURE_AUTORELEASING = YES;
				CLANG_WARN_BOOL_CONVERSION = YES;
				CLANG_WARN_COMMA = YES;
				CLANG_WARN_CONSTANT_CONVERSION = YES;
				CLANG_WARN_DEPRECATED_OBJC_IMPLEMENTATIONS = YES;
				CLANG_WARN_DIRECT_OBJC_ISA_USAGE = YES_ERROR;
				CLANG_WARN_DOCUMENTATION_COMMENTS = YES;
				CLANG_WARN_EMPTY_BODY = YES;
				CLANG_WARN_ENUM_CONVERSION = YES;
				CLANG_WARN_INFINITE_RECURSION = YES;
				CLANG_WARN_INT_CONVERSION = YES;
				CLANG_WARN_NON_LITERAL_NULL_CONVERSION = YES;
				CLANG_WARN_OBJC_IMPLICIT_RETAIN_SELF = YES;
				CLANG_WARN_OBJC_LITERAL_CONVERSION = YES;
				CLANG_WARN_OBJC_ROOT_CLASS = YES_ERROR;
				CLANG_WARN_QUOTED_INCLUDE_IN_FRAMEWORK_HEADER = YES;
				CLANG_WARN_RANGE_LOOP_ANALYSIS = YES;
				CLANG_WARN_STRICT_PROTOTYPES = YES;
				CLANG_WARN_SUSPICIOUS_MOVE = YES;
				CLANG_WARN_UNGUARDED_AVAILABILITY = YES_AGGRESSIVE;
				CLANG_WARN_UNREACHABLE_CODE = YES;
				CLANG_WARN__DUPLICATE_METHOD_MATCH = YES;
				COPY_PHASE_STRIP = NO;
				DEBUG_INFORMATION_FORMAT = dwarf;
				ENABLE_STRICT_OBJC_MSGSEND = YES;
				ENABLE_TESTABILITY = YES;
				GCC_C_LANGUAGE_STANDARD = gnu11;
				GCC_DYNAMIC_NO_PIC = NO;
				GCC_NO_COMMON_BLOCKS = YES;
				GCC_OPTIMIZATION_LEVEL = 0;
				GCC_PREPROCESSOR_DEFINITIONS = (
					"DEBUG=1",
					"$(inherited)",
				);
				GCC_WARN_64_TO_32_BIT_CONVERSION = YES;
				GCC_WARN_ABOUT_RETURN_TYPE = YES_ERROR;
				GCC_WARN_UNDECLARED_SELECTOR = YES;
				GCC_WARN_UNINITIALIZED_AUTOS = YES_AGGRESSIVE;
				GCC_WARN_UNUSED_FUNCTION = YES;
				GCC_WARN_UNUSED_VARIABLE = YES;
				IPHONEOS_DEPLOYMENT_TARGET = 16.4;
				MTL_ENABLE_DEBUG_INFO = INCLUDE_SOURCE;
				MTL_FAST_MATH = YES;
				ONLY_ACTIVE_ARCH = YES;
				SDKROOT = iphoneos;
				SWIFT_ACTIVE_COMPILATION_CONDITIONS = DEBUG;
				SWIFT_OPTIMIZATION_LEVEL = "-Onone";
			};
			name = Debug;
		};
		843F0FC52B349684009FCF9A /* Release */ = {
			isa = XCBuildConfiguration;
			buildSettings = {
				ALWAYS_SEARCH_USER_PATHS = NO;
				CLANG_ANALYZER_NONNULL = YES;
				CLANG_ANALYZER_NUMBER_OBJECT_CONVERSION = YES_AGGRESSIVE;
				CLANG_CXX_LANGUAGE_STANDARD = "gnu++20";
				CLANG_ENABLE_MODULES = YES;
				CLANG_ENABLE_OBJC_ARC = YES;
				CLANG_ENABLE_OBJC_WEAK = YES;
				CLANG_WARN_BLOCK_CAPTURE_AUTORELEASING = YES;
				CLANG_WARN_BOOL_CONVERSION = YES;
				CLANG_WARN_COMMA = YES;
				CLANG_WARN_CONSTANT_CONVERSION = YES;
				CLANG_WARN_DEPRECATED_OBJC_IMPLEMENTATIONS = YES;
				CLANG_WARN_DIRECT_OBJC_ISA_USAGE = YES_ERROR;
				CLANG_WARN_DOCUMENTATION_COMMENTS = YES;
				CLANG_WARN_EMPTY_BODY = YES;
				CLANG_WARN_ENUM_CONVERSION = YES;
				CLANG_WARN_INFINITE_RECURSION = YES;
				CLANG_WARN_INT_CONVERSION = YES;
				CLANG_WARN_NON_LITERAL_NULL_CONVERSION = YES;
				CLANG_WARN_OBJC_IMPLICIT_RETAIN_SELF = YES;
				CLANG_WARN_OBJC_LITERAL_CONVERSION = YES;
				CLANG_WARN_OBJC_ROOT_CLASS = YES_ERROR;
				CLANG_WARN_QUOTED_INCLUDE_IN_FRAMEWORK_HEADER = YES;
				CLANG_WARN_RANGE_LOOP_ANALYSIS = YES;
				CLANG_WARN_STRICT_PROTOTYPES = YES;
				CLANG_WARN_SUSPICIOUS_MOVE = YES;
				CLANG_WARN_UNGUARDED_AVAILABILITY = YES_AGGRESSIVE;
				CLANG_WARN_UNREACHABLE_CODE = YES;
				CLANG_WARN__DUPLICATE_METHOD_MATCH = YES;
				COPY_PHASE_STRIP = NO;
				DEBUG_INFORMATION_FORMAT = "dwarf-with-dsym";
				ENABLE_NS_ASSERTIONS = NO;
				ENABLE_STRICT_OBJC_MSGSEND = YES;
				GCC_C_LANGUAGE_STANDARD = gnu11;
				GCC_NO_COMMON_BLOCKS = YES;
				GCC_WARN_64_TO_32_BIT_CONVERSION = YES;
				GCC_WARN_ABOUT_RETURN_TYPE = YES_ERROR;
				GCC_WARN_UNDECLARED_SELECTOR = YES;
				GCC_WARN_UNINITIALIZED_AUTOS = YES_AGGRESSIVE;
				GCC_WARN_UNUSED_FUNCTION = YES;
				GCC_WARN_UNUSED_VARIABLE = YES;
				IPHONEOS_DEPLOYMENT_TARGET = 16.4;
				MTL_ENABLE_DEBUG_INFO = NO;
				MTL_FAST_MATH = YES;
				SDKROOT = iphoneos;
				SWIFT_COMPILATION_MODE = wholemodule;
				SWIFT_OPTIMIZATION_LEVEL = "-O";
				VALIDATE_PRODUCT = YES;
			};
			name = Release;
		};
		843F0FC72B349684009FCF9A /* Debug */ = {
			isa = XCBuildConfiguration;
			buildSettings = {
				ASSETCATALOG_COMPILER_APPICON_NAME = AppIcon;
				ASSETCATALOG_COMPILER_GLOBAL_ACCENT_COLOR_NAME = AccentColor;
				CODE_SIGN_STYLE = Automatic;
				CURRENT_PROJECT_VERSION = 1;
				GENERATE_INFOPLIST_FILE = YES;
				INFOPLIST_FILE = hw3/Info.plist;
				INFOPLIST_KEY_UIApplicationSupportsIndirectInputEvents = YES;
				INFOPLIST_KEY_UILaunchStoryboardName = LaunchScreen;
				INFOPLIST_KEY_UISupportedInterfaceOrientations_iPad = "UIInterfaceOrientationPortrait UIInterfaceOrientationPortraitUpsideDown UIInterfaceOrientationLandscapeLeft UIInterfaceOrientationLandscapeRight";
				INFOPLIST_KEY_UISupportedInterfaceOrientations_iPhone = "UIInterfaceOrientationPortrait UIInterfaceOrientationLandscapeLeft UIInterfaceOrientationLandscapeRight";
				LD_RUNPATH_SEARCH_PATHS = (
					"$(inherited)",
					"@executable_path/Frameworks",
				);
				MARKETING_VERSION = 1.0;
				PRODUCT_BUNDLE_IDENTIFIER = "-2-1.hw3";
				PRODUCT_NAME = "$(TARGET_NAME)";
				SWIFT_EMIT_LOC_STRINGS = YES;
				SWIFT_VERSION = 5.0;
				TARGETED_DEVICE_FAMILY = "1,2";
			};
			name = Debug;
		};
		843F0FC82B349684009FCF9A /* Release */ = {
			isa = XCBuildConfiguration;
			buildSettings = {
				ASSETCATALOG_COMPILER_APPICON_NAME = AppIcon;
				ASSETCATALOG_COMPILER_GLOBAL_ACCENT_COLOR_NAME = AccentColor;
				CODE_SIGN_STYLE = Automatic;
				CURRENT_PROJECT_VERSION = 1;
				GENERATE_INFOPLIST_FILE = YES;
				INFOPLIST_FILE = hw3/Info.plist;
				INFOPLIST_KEY_UIApplicationSupportsIndirectInputEvents = YES;
				INFOPLIST_KEY_UILaunchStoryboardName = LaunchScreen;
				INFOPLIST_KEY_UISupportedInterfaceOrientations_iPad = "UIInterfaceOrientationPortrait UIInterfaceOrientationPortraitUpsideDown UIInterfaceOrientationLandscapeLeft UIInterfaceOrientationLandscapeRight";
				INFOPLIST_KEY_UISupportedInterfaceOrientations_iPhone = "UIInterfaceOrientationPortrait UIInterfaceOrientationLandscapeLeft UIInterfaceOrientationLandscapeRight";
				LD_RUNPATH_SEARCH_PATHS = (
					"$(inherited)",
					"@executable_path/Frameworks",
				);
				MARKETING_VERSION = 1.0;
				PRODUCT_BUNDLE_IDENTIFIER = "-2-1.hw3";
				PRODUCT_NAME = "$(TARGET_NAME)";
				SWIFT_EMIT_LOC_STRINGS = YES;
				SWIFT_VERSION = 5.0;
				TARGETED_DEVICE_FAMILY = "1,2";
			};
			name = Release;
		};
/* End XCBuildConfiguration section */

/* Begin XCConfigurationList section */
		843F0FAD2B349682009FCF9A /* Build configuration list for PBXProject "hw3" */ = {
			isa = XCConfigurationList;
			buildConfigurations = (
				843F0FC42B349684009FCF9A /* Debug */,
				843F0FC52B349684009FCF9A /* Release */,
			);
			defaultConfigurationIsVisible = 0;
			defaultConfigurationName = Release;
		};
		843F0FC62B349684009FCF9A /* Build configuration list for PBXNativeTarget "hw3" */ = {
			isa = XCConfigurationList;
			buildConfigurations = (
				843F0FC72B349684009FCF9A /* Debug */,
				843F0FC82B349684009FCF9A /* Release */,
			);
			defaultConfigurationIsVisible = 0;
			defaultConfigurationName = Release;
		};
/* End XCConfigurationList section */

/* Begin XCRemoteSwiftPackageReference section */
		843F0FCE2B3497FB009FCF9A /* XCRemoteSwiftPackageReference "SnapKit" */ = {
			isa = XCRemoteSwiftPackageReference;
			repositoryURL = "https://github.com/SnapKit/SnapKit.git";
			requirement = {
				kind = upToNextMajorVersion;
				minimumVersion = 5.0.0;
			};
		};
/* End XCRemoteSwiftPackageReference section */

/* Begin XCSwiftPackageProductDependency section */
		843F0FCF2B3497FB009FCF9A /* SnapKit */ = {
			isa = XCSwiftPackageProductDependency;
			package = 843F0FCE2B3497FB009FCF9A /* XCRemoteSwiftPackageReference "SnapKit" */;
			productName = SnapKit;
		};
/* End XCSwiftPackageProductDependency section */
	};
	rootObject = 843F0FAA2B349682009FCF9A /* Project object */;
}
